<?xml version="1.0" encoding="utf-8"?>
<Project ToolsVersion="4.0" xmlns="http://schemas.microsoft.com/developer/msbuild/2003">
  <ItemGroup>
    <ClInclude Include="camera.h">
      <Filter>Header Files\Camera</Filter>
    </ClInclude>
    <ClInclude Include="raster.h">
      <Filter>Header Files\Camera</Filter>
    </ClInclude>
    <ClInclude Include="cylinder.h">
      <Filter>Header Files\Geometries</Filter>
    </ClInclude>
    <ClInclude Include="instance.h">
      <Filter>Header Files\Geometries</Filter>
    </ClInclude>
    <ClInclude Include="object.h">
      <Filter>Header Files\Geometries</Filter>
    </ClInclude>
    <ClInclude Include="hittable.h">
      <Filter>Header Files\Geometries</Filter>
    </ClInclude>
    <ClInclude Include="hittable_list.h">
      <Filter>Header Files\Geometries</Filter>
    </ClInclude>
    <ClInclude Include="geometry.h">
      <Filter>Header Files\Geometries</Filter>
    </ClInclude>
    <ClInclude Include="sphere.h">
      <Filter>Header Files\Geometries</Filter>
    </ClInclude>
    <ClInclude Include="tiny_obj_loader.h">
      <Filter>Header Files\Libs</Filter>
    </ClInclude>
    <ClInclude Include="mat4.h">
      <Filter>Header Files\Math</Filter>
    </ClInclude>
    <ClInclude Include="vec3.h">
      <Filter>Header Files\Math</Filter>
    </ClInclude>
    <ClInclude Include="ray.h">
      <Filter>Header Files\Math</Filter>
    </ClInclude>
    <ClInclude Include="color.h">
      <Filter>Header Files\Phong Lighting</Filter>
    </ClInclude>
    <ClInclude Include="light.h">
      <Filter>Header Files\Phong Lighting</Filter>
    </ClInclude>
    <ClInclude Include="material.h">
      <Filter>Header Files\Phong Lighting</Filter>
    </ClInclude>
    <ClInclude Include="shader.h">
      <Filter>Header Files\Phong Lighting</Filter>
    </ClInclude>
    <ClInclude Include="aabb.h">
      <Filter>Header Files\Spatial Data Structures</Filter>
    </ClInclude>
    <ClInclude Include="bvh.h">
      <Filter>Header Files\Spatial Data Structures</Filter>
    </ClInclude>
    <ClInclude Include="mesh.h">
      <Filter>Header Files\Texture Mapping</Filter>
    </ClInclude>
    <ClInclude Include="texture.h">
      <Filter>Header Files\Texture Mapping</Filter>
    </ClInclude>
    <ClInclude Include="common.h">
      <Filter>Header Files</Filter>
    </ClInclude>
    <ClInclude Include="interval.h">
      <Filter>Header Files</Filter>
    </ClInclude>
  </ItemGroup>
  <ItemGroup>
    <None Include="packages.config" />
  </ItemGroup>
  <ItemGroup>
    <Filter Include="Header Files">
      <UniqueIdentifier>{cc0513b0-2f33-465e-95d4-1ae63c75dcad}</UniqueIdentifier>
    </Filter>
    <Filter Include="Source Files">
      <UniqueIdentifier>{70092370-8a93-4e3d-bc08-d2402fc4afd3}</UniqueIdentifier>
    </Filter>
    <Filter Include="Resource Files">
      <UniqueIdentifier>{b8e45649-b7ea-4f84-9eb8-4fd3f16f248e}</UniqueIdentifier>
    </Filter>
    <Filter Include="Header Files\Camera">
      <UniqueIdentifier>{1c355ecf-8306-4903-8436-99ad961863c5}</UniqueIdentifier>
    </Filter>
    <Filter Include="Header Files\Geometries">
      <UniqueIdentifier>{00eaf44e-f465-4191-8078-8f301748a0fa}</UniqueIdentifier>
    </Filter>
    <Filter Include="Header Files\Libs">
      <UniqueIdentifier>{3e1a666c-a9e9-4dc9-a012-f37ac6368a91}</UniqueIdentifier>
    </Filter>
    <Filter Include="Header Files\Math">
      <UniqueIdentifier>{69ad79b8-1966-43b5-a513-952dc1baf8ed}</UniqueIdentifier>
    </Filter>
    <Filter Include="Header Files\Phong Lighting">
      <UniqueIdentifier>{647f3dcd-c8fc-4b21-910c-026208769391}</UniqueIdentifier>
    </Filter>
    <Filter Include="Header Files\Spatial Data Structures">
      <UniqueIdentifier>{eab8419f-0d3d-4d6d-bcc2-b514f67b92b3}</UniqueIdentifier>
    </Filter>
    <Filter Include="Header Files\Texture Mapping">
      <UniqueIdentifier>{cc3ca664-f1a0-4081-b1c2-2e54ec8ecdf4}</UniqueIdentifier>
    </Filter>
  </ItemGroup>
  <ItemGroup>
    <ClCompile Include="main.cpp">
      <Filter>Source Files</Filter>
    </ClCompile>
  </ItemGroup>
</Project>